
Microsoft Visual Studio Solution File, Format Version 12.00
# Visual Studio Version 17
VisualStudioVersion = 17.9.34902.65
MinimumVisualStudioVersion = 10.0.40219.1
Project("{FAE04EC0-301F-11D3-BF4B-00C04F79EFBC}") = "WebAPI_Video", "WebAPI_Video\WebAPI_Video.csproj", "{ED655333-7B4E-4DF9-9FD5-646B7AABAB01}"
EndProject
Global
	GlobalSection(SolutionConfigurationPlatforms) = preSolution
		Debug|Any CPU = Debug|Any CPU
		Release|Any CPU = Release|Any CPU
	EndGlobalSection
	GlobalSection(ProjectConfigurationPlatforms) = postSolution
		{ED655333-7B4E-4DF9-9FD5-646B7AABAB01}.Debug|Any CPU.ActiveCfg = Debug|Any CPU
		{ED655333-7B4E-4DF9-9FD5-646B7AABAB01}.Debug|Any CPU.Build.0 = Debug|Any CPU
		{ED655333-7B4E-4DF9-9FD5-646B7AABAB01}.Release|Any CPU.ActiveCfg = Release|Any CPU
		{ED655333-7B4E-4DF9-9FD5-646B7AABAB01}.Release|Any CPU.Build.0 = Release|Any CPU
	EndGlobalSection
	GlobalSection(SolutionProperties) = preSolution
		HideSolutionNode = FALSE
	EndGlobalSection
	GlobalSection(ExtensibilityGlobals) = postSolution
		SolutionGuid = {264B5DCE-F26C-4F5E-ACB0-11DC6B4BD613}
	EndGlobalSection
EndGlobal
